dependencies:
  idf:
    component_hash: null
    source:
      type: idf
    version: 5.1.0
  kywy/actor:
    component_hash: null
    source:
      path: /actor
      type: local
    version: 0.0.1
manifest_hash: 270883fc0e400c8e71d8ccbf36338682081426a34e67eef606ec05cf9d58233f
target: linux
version: 1.0.0
