dependencies:
  idf:
    component_hash: null
    source:
      type: idf
    version: 5.1.0
  kywy/actor:
    component_hash: null
    source:
      path: /actor
      type: local
    version: 0.0.1
manifest_hash: 9abde3fb3694d50af9158e177b519768e84956ff7658144790bd6a5738c5ffbd
target: linux
version: 1.0.0
